schema: '2.0'
stages:
  preprocess:
    cmd: python src/pipeline/preprocess.py
    deps:
    - path: data/raw/movies.csv
      hash: md5
      md5: bcd7efa855fccecc024b09ebc4423fa8
      size: 515699
    - path: data/raw/ratings.csv
      hash: md5
      md5: ca047f0e4676e08cf455469346bb4512
      size: 2475052
    - path: src/features/baseline_preprocessor/
      hash: md5
      md5: b393172dd813a6d55f5ef72b5f653814.dir
      size: 11057
      nfiles: 8
    - path: src/features/preprocessor.py
      hash: md5
      md5: 7b0f990e34746c8c2a3585ba91341472
      size: 1472
    - path: src/pipeline/preprocess.py
      hash: md5
      md5: 60eb9aee718d173f8946664261d2e7ae
      size: 1564
    params:
      params.yaml:
        features_eng:
          gradient_boosting: true
          linear_regression: true
          random_forest: true
          multi_layer_perceptron: true
        preprocessors:
          gradient_boosting: true
          linear_regression: true
          random_forest: true
          multi_layer_perceptron: true
    outs:
    - path: data/processed/gradient_boosting_data.csv
      hash: md5
      md5: 03471a3498275fedd0f1b788ca95921f
      size: 4575819
    - path: data/processed/linear_regression_data.csv
      hash: md5
      md5: 03471a3498275fedd0f1b788ca95921f
      size: 4575819
    - path: data/processed/multi_layer_perceptron_data.csv
      hash: md5
      md5: 03471a3498275fedd0f1b788ca95921f
      size: 4575819
    - path: data/processed/random_forest_data.csv
      hash: md5
      md5: 03471a3498275fedd0f1b788ca95921f
      size: 4575819
  feature_engineering:
    cmd: python src/pipeline/feature_eng.py
    deps:
    - path: data/processed/gradient_boosting_data.csv
      hash: md5
      md5: 03471a3498275fedd0f1b788ca95921f
      size: 4575819
    - path: data/processed/linear_regression_data.csv
      hash: md5
      md5: 03471a3498275fedd0f1b788ca95921f
      size: 4575819
    - path: data/processed/multi_layer_perceptron_data.csv
      hash: md5
      md5: 03471a3498275fedd0f1b788ca95921f
      size: 4575819
    - path: data/processed/random_forest_data.csv
      hash: md5
      md5: 03471a3498275fedd0f1b788ca95921f
      size: 4575819
    - path: src/features/baseline_feature_engineering/
      hash: md5
      md5: e1c5bc939b3d7f270f10e508171b45e6.dir
      size: 54988
      nfiles: 8
    - path: src/features/feature_engineering.py
      hash: md5
      md5: 8490e6ef69c9f37bae5f6412eabb8cb4
      size: 8416
    - path: src/pipeline/feature_eng.py
      hash: md5
      md5: d495191184c2ffe1cffaf085f47c676e
      size: 1724
    params:
      params.yaml:
        features_eng:
          gradient_boosting: true
          linear_regression: true
          random_forest: true
          multi_layer_perceptron: true
    outs:
    - path: data/features/gradient_boosting_features.csv
      hash: md5
      md5: b6577eeaa826ae52c222a4e80dc428ff
      size: 75083858
    - path: data/features/linear_regression_features.csv
      hash: md5
      md5: 368103c04e94735d76c60e5fc84ba350
      size: 872793407
    - path: data/features/multi_layer_perceptron_features.csv
      hash: md5
      md5: bdaf9817d03c4ffa7c3b553402ff3514
      size: 59355476
    - path: data/features/random_forest_features.csv
      hash: md5
      md5: 45261e698ba4ff22981c3f23b05bef95
      size: 106275410
  evaluate:
    cmd: python src/pipeline/evaluate.py
    deps:
    - path: data/features/gradient_boosting_features.csv
      hash: md5
      md5: b6577eeaa826ae52c222a4e80dc428ff
      size: 75083858
    - path: data/features/linear_regression_features.csv
      hash: md5
      md5: 368103c04e94735d76c60e5fc84ba350
      size: 872793407
    - path: data/features/multi_layer_perceptron_features.csv
      hash: md5
      md5: bdaf9817d03c4ffa7c3b553402ff3514
      size: 59355476
    - path: data/features/random_forest_features.csv
      hash: md5
      md5: 45261e698ba4ff22981c3f23b05bef95
      size: 106275410
    - path: models/gradient_boosting_model.pkl
      hash: md5
      md5: afb0aeb231a99d6eb7303eed6a9a14dd
      size: 1163790
    - path: models/linear_regression_model.pkl
      hash: md5
      md5: ad38b82c5349508ff261a9b5d4ee51cf
      size: 6999
    - path: models/multi_layer_perceptron_model.pkl
      hash: md5
      md5: 11c150c88ad79b88e333dda0bac1f323
      size: 420186
    - path: models/random_forest_model.pkl
      hash: md5
      md5: 90d6bb7897fbf50be5ded3cd3bf27f85
      size: 49084176
    - path: src/pipeline/evaluate.py
      hash: md5
      md5: f8dfb0808986990978f3192a86d85cc9
      size: 13623
    params:
      params.yaml:
        evaluate:
          test_size: 0.2
          random_state: 42
        gradient_boosting_params:
          n_estimators: 150
          learning_rate: 0.05
          max_depth: 6
          min_samples_split: 10
          min_samples_leaf: 4
          subsample: 0.8
          max_features: 0.8
          random_state: 42
        linear_regression_params: {}
        mlflow:
          tracking_uri: sqlite:///mlflow.db
          experiment_name: movie_rating_prediction
          evaluation_run_name:
        models:
          gradient_boosting: true
          linear_regression: true
          random_forest: true
          multi_layer_perceptron: true
        multi_layer_perceptron_params:
          hidden_dims:
          - 256
          - 128
          - 64
          dropout_rate: 0.3
          batch_size: 256
          epochs: 100
          learning_rate: 0.001
          weight_decay: 1e-05
          patience: 10
          device: cpu
        random_forest_params:
          n_estimators: 100
          max_depth: 15
          min_samples_split: 5
          min_samples_leaf: 2
          max_features: sqrt
          random_state: 42
          n_jobs: -1
    outs:
    - path: metrics/evaluation_metrics.json
      hash: md5
      md5: eaa07a757fb3dc37ef686bb3d3512ee9
      size: 2328
  train:
    cmd: python src/pipeline/train.py
    deps:
    - path: data/features/gradient_boosting_features.csv
      hash: md5
      md5: b6577eeaa826ae52c222a4e80dc428ff
      size: 75083858
    - path: data/features/linear_regression_features.csv
      hash: md5
      md5: 368103c04e94735d76c60e5fc84ba350
      size: 872793407
    - path: data/features/multi_layer_perceptron_features.csv
      hash: md5
      md5: bdaf9817d03c4ffa7c3b553402ff3514
      size: 59355476
    - path: data/features/random_forest_features.csv
      hash: md5
      md5: 45261e698ba4ff22981c3f23b05bef95
      size: 106275410
    - path: src/models/base.py
      hash: md5
      md5: 9c681cd5b9466fbf772a63cdb772fb69
      size: 11325
    - path: src/models/factory.py
      hash: md5
      md5: dab24d82e91878d8699b5fdaada41abc
      size: 2722
    - path: src/pipeline/train.py
      hash: md5
      md5: cb99deca49224e4bf7186fb3f042ff81
      size: 8648
    params:
      params.yaml:
        gradient_boosting_params:
          n_estimators: 150
          learning_rate: 0.05
          max_depth: 6
          min_samples_split: 10
          min_samples_leaf: 4
          subsample: 0.8
          max_features: 0.8
          random_state: 42
        linear_regression_params: {}
        mlflow:
          tracking_uri: sqlite:///mlflow.db
          experiment_name: movie_rating_prediction
          evaluation_run_name:
        models:
          gradient_boosting: true
          linear_regression: true
          random_forest: true
          multi_layer_perceptron: true
        multi_layer_perceptron_params:
          hidden_dims:
          - 256
          - 128
          - 64
          dropout_rate: 0.3
          batch_size: 256
          epochs: 100
          learning_rate: 0.001
          weight_decay: 1e-05
          patience: 10
          device: cpu
        random_forest_params:
          n_estimators: 100
          max_depth: 15
          min_samples_split: 5
          min_samples_leaf: 2
          max_features: sqrt
          random_state: 42
          n_jobs: -1
        train:
          test_size: 0.2
          random_state: 42
    outs:
    - path: metrics/train_metrics.json
      hash: md5
      md5: f2b29a3ae3a9cca1de5de3ab9e1f4708
      size: 1298
    - path: models/gradient_boosting_model.pkl
      hash: md5
      md5: afb0aeb231a99d6eb7303eed6a9a14dd
      size: 1163790
    - path: models/linear_regression_model.pkl
      hash: md5
      md5: ad38b82c5349508ff261a9b5d4ee51cf
      size: 6999
    - path: models/multi_layer_perceptron_model.pkl
      hash: md5
      md5: 11c150c88ad79b88e333dda0bac1f323
      size: 420186
    - path: models/random_forest_model.pkl
      hash: md5
      md5: 90d6bb7897fbf50be5ded3cd3bf27f85
      size: 49084176
